
Microsoft Visual Studio Solution File, Format Version 12.00
# Visual Studio 15
VisualStudioVersion = 15.0.26730.8
MinimumVisualStudioVersion = 10.0.40219.1
Project("{FAE04EC0-301F-11D3-BF4B-00C04F79EFBC}") = "Me", "Me\Me.csproj", "{997A53B0-EAB7-4592-AD18-8FA529787724}"
EndProject
Global
	GlobalSection(SolutionConfigurationPlatforms) = preSolution
		Debug|Any CPU = Debug|Any CPU
		Release|Any CPU = Release|Any CPU
	EndGlobalSection
	GlobalSection(ProjectConfigurationPlatforms) = postSolution
		{997A53B0-EAB7-4592-AD18-8FA529787724}.Debug|Any CPU.ActiveCfg = Debug|Any CPU
		{997A53B0-EAB7-4592-AD18-8FA529787724}.Debug|Any CPU.Build.0 = Debug|Any CPU
		{997A53B0-EAB7-4592-AD18-8FA529787724}.Release|Any CPU.ActiveCfg = Release|Any CPU
		{997A53B0-EAB7-4592-AD18-8FA529787724}.Release|Any CPU.Build.0 = Release|Any CPU
	EndGlobalSection
	GlobalSection(SolutionProperties) = preSolution
		HideSolutionNode = FALSE
	EndGlobalSection
	GlobalSection(ExtensibilityGlobals) = postSolution
		SolutionGuid = {BD2760A9-A0BE-4154-A215-F1C2F47F4CB3}
	EndGlobalSection
EndGlobal
